
Microsoft Visual Studio Solution File, Format Version 12.00
# Visual Studio Version 17
VisualStudioVersion = 17.14.36518.9 d17.14
MinimumVisualStudioVersion = 10.0.40219.1
Project("{FAE04EC0-301F-11D3-BF4B-00C04F79EFBC}") = "mohit masahat dayere", "mohit masahat dayere\mohit masahat dayere.csproj", "{AAA42696-EF40-4344-88AA-1388F2399713}"
EndProject
Global
	GlobalSection(SolutionConfigurationPlatforms) = preSolution
		Debug|Any CPU = Debug|Any CPU
		Release|Any CPU = Release|Any CPU
	EndGlobalSection
	GlobalSection(ProjectConfigurationPlatforms) = postSolution
		{AAA42696-EF40-4344-88AA-1388F2399713}.Debug|Any CPU.ActiveCfg = Debug|Any CPU
		{AAA42696-EF40-4344-88AA-1388F2399713}.Debug|Any CPU.Build.0 = Debug|Any CPU
		{AAA42696-EF40-4344-88AA-1388F2399713}.Release|Any CPU.ActiveCfg = Release|Any CPU
		{AAA42696-EF40-4344-88AA-1388F2399713}.Release|Any CPU.Build.0 = Release|Any CPU
	EndGlobalSection
	GlobalSection(SolutionProperties) = preSolution
		HideSolutionNode = FALSE
	EndGlobalSection
	GlobalSection(ExtensibilityGlobals) = postSolution
		SolutionGuid = {F6DFC46E-385A-41FA-ADB0-572C2175519E}
	EndGlobalSection
EndGlobal
