
Microsoft Visual Studio Solution File, Format Version 12.00
# Visual Studio Version 17
VisualStudioVersion = 17.14.36518.9 d17.14
MinimumVisualStudioVersion = 10.0.40219.1
Project("{FAE04EC0-301F-11D3-BF4B-00C04F79EFBC}") = "adade kochk tr az 10 va zoj", "adade kochk tr az 10 va zoj\adade kochk tr az 10 va zoj.csproj", "{902D07C2-BBEE-4CEC-95E4-C74055078FDB}"
EndProject
Global
	GlobalSection(SolutionConfigurationPlatforms) = preSolution
		Debug|Any CPU = Debug|Any CPU
		Release|Any CPU = Release|Any CPU
	EndGlobalSection
	GlobalSection(ProjectConfigurationPlatforms) = postSolution
		{902D07C2-BBEE-4CEC-95E4-C74055078FDB}.Debug|Any CPU.ActiveCfg = Debug|Any CPU
		{902D07C2-BBEE-4CEC-95E4-C74055078FDB}.Debug|Any CPU.Build.0 = Debug|Any CPU
		{902D07C2-BBEE-4CEC-95E4-C74055078FDB}.Release|Any CPU.ActiveCfg = Release|Any CPU
		{902D07C2-BBEE-4CEC-95E4-C74055078FDB}.Release|Any CPU.Build.0 = Release|Any CPU
	EndGlobalSection
	GlobalSection(SolutionProperties) = preSolution
		HideSolutionNode = FALSE
	EndGlobalSection
	GlobalSection(ExtensibilityGlobals) = postSolution
		SolutionGuid = {D81BF7CE-8463-4BF7-88F6-B64CA149E4A8}
	EndGlobalSection
EndGlobal
